
Microsoft Visual Studio Solution File, Format Version 12.00
# Visual Studio Version 17
VisualStudioVersion = 17.8.34511.84
MinimumVisualStudioVersion = 10.0.40219.1
Project("{9A19103F-16F7-4668-BE54-9A1E7A4F7556}") = "FootballLeague.Api", "FootballLeague.Api\FootballLeague.Api.csproj", "{44B88266-40F0-4615-A362-7C1F3E875405}"
EndProject
Project("{FAE04EC0-301F-11D3-BF4B-00C04F79EFBC}") = "FootballLeague.Tests", "FootballLeague.Tests\FootballLeague.Tests.csproj", "{32A8841C-2CC1-4164-BDE2-383402994461}"
EndProject
Global
	GlobalSection(SolutionConfigurationPlatforms) = preSolution
		Debug|Any CPU = Debug|Any CPU
		Release|Any CPU = Release|Any CPU
	EndGlobalSection
	GlobalSection(ProjectConfigurationPlatforms) = postSolution
		{44B88266-40F0-4615-A362-7C1F3E875405}.Debug|Any CPU.ActiveCfg = Debug|Any CPU
		{44B88266-40F0-4615-A362-7C1F3E875405}.Debug|Any CPU.Build.0 = Debug|Any CPU
		{44B88266-40F0-4615-A362-7C1F3E875405}.Release|Any CPU.ActiveCfg = Release|Any CPU
		{44B88266-40F0-4615-A362-7C1F3E875405}.Release|Any CPU.Build.0 = Release|Any CPU
		{32A8841C-2CC1-4164-BDE2-383402994461}.Debug|Any CPU.ActiveCfg = Debug|Any CPU
		{32A8841C-2CC1-4164-BDE2-383402994461}.Debug|Any CPU.Build.0 = Debug|Any CPU
		{32A8841C-2CC1-4164-BDE2-383402994461}.Release|Any CPU.ActiveCfg = Release|Any CPU
		{32A8841C-2CC1-4164-BDE2-383402994461}.Release|Any CPU.Build.0 = Release|Any CPU
	EndGlobalSection
	GlobalSection(SolutionProperties) = preSolution
		HideSolutionNode = FALSE
	EndGlobalSection
	GlobalSection(ExtensibilityGlobals) = postSolution
		SolutionGuid = {D7206BE1-EB15-4764-BE5A-118962D6CF9E}
	EndGlobalSection
EndGlobal
